
Microsoft Visual Studio Solution File, Format Version 12.00
# Visual Studio 2012
Project("{FAE04EC0-301F-11D3-BF4B-00C04F79EFBC}") = "Part_4_d_e", "Part_4_d\Part_4_d_e.csproj", "{70691361-E1AA-4639-8C23-691C0326CABF}"
EndProject
Global
	GlobalSection(SolutionConfigurationPlatforms) = preSolution
		Debug|Any CPU = Debug|Any CPU
		Release|Any CPU = Release|Any CPU
	EndGlobalSection
	GlobalSection(ProjectConfigurationPlatforms) = postSolution
		{70691361-E1AA-4639-8C23-691C0326CABF}.Debug|Any CPU.ActiveCfg = Debug|Any CPU
		{70691361-E1AA-4639-8C23-691C0326CABF}.Debug|Any CPU.Build.0 = Debug|Any CPU
		{70691361-E1AA-4639-8C23-691C0326CABF}.Release|Any CPU.ActiveCfg = Release|Any CPU
		{70691361-E1AA-4639-8C23-691C0326CABF}.Release|Any CPU.Build.0 = Release|Any CPU
	EndGlobalSection
	GlobalSection(SolutionProperties) = preSolution
		HideSolutionNode = FALSE
	EndGlobalSection
EndGlobal
